Microsoft Visual Studio Solution File, Format Version 12.00
# Visual Studio 14
VisualStudioVersion = 14.0.25420.1
MinimumVisualStudioVersion = 10.0.40219.1
Project("{F184B08F-C81C-45F6-A57F-5ABD9991F28F}") = "T449201", "T449201\T449201.vbproj", "{0662A47D-430D-46D2-868C-8BC303C64640}"
EndProject
Global
	GlobalSection(SolutionConfigurationPlatforms) = preSolution
		Debug|Any CPU = Debug|Any CPU
		Release|Any CPU = Release|Any CPU
	EndGlobalSection
	GlobalSection(ProjectConfigurationPlatforms) = postSolution
		{0662A47D-430D-46D2-868C-8BC303C64640}.Debug|Any CPU.ActiveCfg = Debug|Any CPU
		{0662A47D-430D-46D2-868C-8BC303C64640}.Debug|Any CPU.Build.0 = Debug|Any CPU
		{0662A47D-430D-46D2-868C-8BC303C64640}.Release|Any CPU.ActiveCfg = Release|Any CPU
		{0662A47D-430D-46D2-868C-8BC303C64640}.Release|Any CPU.Build.0 = Release|Any CPU
	EndGlobalSection
	GlobalSection(SolutionProperties) = preSolution
		HideSolutionNode = FALSE
	EndGlobalSection
EndGlobal
